
Microsoft Visual Studio Solution File, Format Version 12.00
# Visual Studio Version 17
VisualStudioVersion = 17.8.34212.112
MinimumVisualStudioVersion = 10.0.40219.1
Project("{9A19103F-16F7-4668-BE54-9A1E7A4F7556}") = "Library", "Library\Library.csproj", "{3697A71E-0CD9-44F5-A724-940E20C19276}"
EndProject
Project("{54435603-DBB4-11D2-8724-00A0C9A8B90C}") = "Setup", "Setup\Setup.vdproj", "{5CC8CA0B-BE51-4BA1-88C0-61C85A64D1B4}"
EndProject
Global
	GlobalSection(SolutionConfigurationPlatforms) = preSolution
		Debug|Any CPU = Debug|Any CPU
		Release|Any CPU = Release|Any CPU
	EndGlobalSection
	GlobalSection(ProjectConfigurationPlatforms) = postSolution
		{3697A71E-0CD9-44F5-A724-940E20C19276}.Debug|Any CPU.ActiveCfg = Debug|Any CPU
		{3697A71E-0CD9-44F5-A724-940E20C19276}.Debug|Any CPU.Build.0 = Debug|Any CPU
		{3697A71E-0CD9-44F5-A724-940E20C19276}.Release|Any CPU.ActiveCfg = Release|Any CPU
		{3697A71E-0CD9-44F5-A724-940E20C19276}.Release|Any CPU.Build.0 = Release|Any CPU
		{5CC8CA0B-BE51-4BA1-88C0-61C85A64D1B4}.Debug|Any CPU.ActiveCfg = Debug
		{5CC8CA0B-BE51-4BA1-88C0-61C85A64D1B4}.Release|Any CPU.ActiveCfg = Release
		{5CC8CA0B-BE51-4BA1-88C0-61C85A64D1B4}.Release|Any CPU.Build.0 = Release
	EndGlobalSection
	GlobalSection(SolutionProperties) = preSolution
		HideSolutionNode = FALSE
	EndGlobalSection
	GlobalSection(ExtensibilityGlobals) = postSolution
		SolutionGuid = {911A8D5D-7E70-4117-928D-0BE911530374}
	EndGlobalSection
EndGlobal
